
Microsoft Visual Studio Solution File, Format Version 12.00
# Visual Studio Version 16
VisualStudioVersion = 16.0.30907.101
MinimumVisualStudioVersion = 10.0.40219.1
Project("{FAE04EC0-301F-11D3-BF4B-00C04F79EFBC}") = "PolygonAreaCalculation", "PolygonAreaCalculation\PolygonAreaCalculation.csproj", "{3EE60E92-1874-48C1-95EF-9300A5DDF518}"
EndProject
Global
	GlobalSection(SolutionConfigurationPlatforms) = preSolution
		Debug|Any CPU = Debug|Any CPU
		Release|Any CPU = Release|Any CPU
	EndGlobalSection
	GlobalSection(ProjectConfigurationPlatforms) = postSolution
		{3EE60E92-1874-48C1-95EF-9300A5DDF518}.Debug|Any CPU.ActiveCfg = Debug|Any CPU
		{3EE60E92-1874-48C1-95EF-9300A5DDF518}.Debug|Any CPU.Build.0 = Debug|Any CPU
		{3EE60E92-1874-48C1-95EF-9300A5DDF518}.Release|Any CPU.ActiveCfg = Release|Any CPU
		{3EE60E92-1874-48C1-95EF-9300A5DDF518}.Release|Any CPU.Build.0 = Release|Any CPU
	EndGlobalSection
	GlobalSection(SolutionProperties) = preSolution
		HideSolutionNode = FALSE
	EndGlobalSection
	GlobalSection(ExtensibilityGlobals) = postSolution
		SolutionGuid = {8010FA48-6882-49DB-A79F-362D1DD86150}
	EndGlobalSection
EndGlobal
